<?xml version="1.0" encoding="utf-8"?>
<Project ToolsVersion="4.0" xmlns="http://schemas.microsoft.com/developer/msbuild/2003">
  <ItemGroup>
    <Filter Include="소스 파일">
      <UniqueIdentifier>{4FC737F1-C7A5-4376-A066-2A32D752A2FF}</UniqueIdentifier>
      <Extensions>cpp;c;cc;cxx;def;odl;idl;hpj;bat;asm;asmx</Extensions>
    </Filter>
    <Filter Include="헤더 파일">
      <UniqueIdentifier>{93995380-89BD-4b04-88EB-625FBE52EBFB}</UniqueIdentifier>
      <Extensions>h;hh;hpp;hxx;hm;inl;inc;ipp;xsd</Extensions>
    </Filter>
    <Filter Include="리소스 파일">
      <UniqueIdentifier>{67DA6AB6-F800-4c08-8B7A-83BB121AAD01}</UniqueIdentifier>
      <Extensions>rc;ico;cur;bmp;dlg;rc2;rct;bin;rgs;gif;jpg;jpeg;jpe;resx;tiff;tif;png;wav;mfcribbon-ms</Extensions>
    </Filter>
    <Filter Include="cocoAPI">
      <UniqueIdentifier>{98d88d23-3267-4bc1-b38d-10c9a375f8ce}</UniqueIdentifier>
    </Filter>
    <Filter Include="DataSet">
      <UniqueIdentifier>{aadc0237-aa5b-4630-9bb6-bfe85cba75fc}</UniqueIdentifier>
    </Filter>
    <Filter Include="models">
      <UniqueIdentifier>{58cf8509-a091-401a-b104-2b5ef54987a4}</UniqueIdentifier>
    </Filter>
    <Filter Include="models\segmentation">
      <UniqueIdentifier>{59d98bee-7623-421f-b380-d319064b1033}</UniqueIdentifier>
    </Filter>
    <Filter Include="utills">
      <UniqueIdentifier>{38ce04fb-94f4-4ef7-a9b2-26c103ac498a}</UniqueIdentifier>
    </Filter>
  </ItemGroup>
  <ItemGroup>
    <ClCompile Include="SemanticSegmentation-Libtorch.cpp">
      <Filter>소스 파일</Filter>
    </ClCompile>
    <ClCompile Include="cocoapi\mask.cpp">
      <Filter>cocoAPI</Filter>
    </ClCompile>
    <ClCompile Include="cocoapi\cocoNote.cpp">
      <Filter>cocoAPI</Filter>
    </ClCompile>
    <ClCompile Include="DataSet\COCODataSet.cpp">
      <Filter>DataSet</Filter>
    </ClCompile>
    <ClCompile Include="DataSet\COCODetection.cpp">
      <Filter>DataSet</Filter>
    </ClCompile>
    <ClCompile Include="models\segmentation\DeeplabV3.cpp">
      <Filter>models\segmentation</Filter>
    </ClCompile>
    <ClCompile Include="models\segmentation\SegmentationModel.cpp">
      <Filter>models\segmentation</Filter>
    </ClCompile>
    <ClCompile Include="models\IntermediateLayerGetter.cpp">
      <Filter>models</Filter>
    </ClCompile>
    <ClCompile Include="models\resnet.cpp">
      <Filter>models</Filter>
    </ClCompile>
    <ClCompile Include="cocoapi\mask_api.cpp">
      <Filter>cocoAPI</Filter>
    </ClCompile>
    <ClCompile Include="utills\metric_logger.cpp">
      <Filter>utills</Filter>
    </ClCompile>
    <ClCompile Include="utills\transforms.cpp">
      <Filter>utills</Filter>
    </ClCompile>
  </ItemGroup>
  <ItemGroup>
    <ClInclude Include="cocoapi\mask.h">
      <Filter>cocoAPI</Filter>
    </ClInclude>
    <ClInclude Include="cocoapi\mask_api.h">
      <Filter>cocoAPI</Filter>
    </ClInclude>
    <ClInclude Include="cocoapi\cocoNote.h">
      <Filter>cocoAPI</Filter>
    </ClInclude>
    <ClInclude Include="DataSet\COCODataSet.h">
      <Filter>DataSet</Filter>
    </ClInclude>
    <ClInclude Include="DataSet\COCODetection.h">
      <Filter>DataSet</Filter>
    </ClInclude>
    <ClInclude Include="models\segmentation\DeeplabV3.h">
      <Filter>models\segmentation</Filter>
    </ClInclude>
    <ClInclude Include="models\segmentation\SegmentationModel.h">
      <Filter>models\segmentation</Filter>
    </ClInclude>
    <ClInclude Include="models\IntermediateLayerGetter.h">
      <Filter>models</Filter>
    </ClInclude>
    <ClInclude Include="models\resnet.h">
      <Filter>models</Filter>
    </ClInclude>
    <ClInclude Include="utills\metric_logger.h">
      <Filter>utills</Filter>
    </ClInclude>
    <ClInclude Include="utills\transforms.h">
      <Filter>utills</Filter>
    </ClInclude>
    <ClInclude Include="training.h">
      <Filter>헤더 파일</Filter>
    </ClInclude>
    <ClInclude Include="loss.h">
      <Filter>헤더 파일</Filter>
    </ClInclude>
  </ItemGroup>
</Project>